
Microsoft Visual Studio Solution File, Format Version 12.00
# Visual Studio 15
VisualStudioVersion = 15.0.28307.329
MinimumVisualStudioVersion = 10.0.40219.1
Project("{00D1A9C2-B5F0-4AF3-8072-F6C62B433612}") = "SalonSamochodowy", "SalonSamochodowy\SalonSamochodowy.sqlproj", "{4D58BDF6-D3F2-4AA8-8F18-DD2A74F2E9DB}"
EndProject
Global
	GlobalSection(SolutionConfigurationPlatforms) = preSolution
		Debug|Any CPU = Debug|Any CPU
		Release|Any CPU = Release|Any CPU
	EndGlobalSection
	GlobalSection(ProjectConfigurationPlatforms) = postSolution
		{4D58BDF6-D3F2-4AA8-8F18-DD2A74F2E9DB}.Debug|Any CPU.ActiveCfg = Debug|Any CPU
		{4D58BDF6-D3F2-4AA8-8F18-DD2A74F2E9DB}.Debug|Any CPU.Build.0 = Debug|Any CPU
		{4D58BDF6-D3F2-4AA8-8F18-DD2A74F2E9DB}.Debug|Any CPU.Deploy.0 = Debug|Any CPU
		{4D58BDF6-D3F2-4AA8-8F18-DD2A74F2E9DB}.Release|Any CPU.ActiveCfg = Release|Any CPU
		{4D58BDF6-D3F2-4AA8-8F18-DD2A74F2E9DB}.Release|Any CPU.Build.0 = Release|Any CPU
		{4D58BDF6-D3F2-4AA8-8F18-DD2A74F2E9DB}.Release|Any CPU.Deploy.0 = Release|Any CPU
	EndGlobalSection
	GlobalSection(SolutionProperties) = preSolution
		HideSolutionNode = FALSE
	EndGlobalSection
	GlobalSection(ExtensibilityGlobals) = postSolution
		SolutionGuid = {DC489E2D-1F75-42B7-9454-882E058CCAF9}
	EndGlobalSection
EndGlobal
